
Microsoft Visual Studio Solution File, Format Version 12.00
# Visual Studio Version 17
VisualStudioVersion = 17.6.33829.357
MinimumVisualStudioVersion = 10.0.40219.1
Project("{9A19103F-16F7-4668-BE54-9A1E7A4F7556}") = "CrayonsChallenge", "CrayonsChallenge.csproj", "{54064480-82C3-440F-8AB6-1D9E619E4393}"
EndProject
Global
	GlobalSection(SolutionConfigurationPlatforms) = preSolution
		Debug|Any CPU = Debug|Any CPU
		Release|Any CPU = Release|Any CPU
	EndGlobalSection
	GlobalSection(ProjectConfigurationPlatforms) = postSolution
		{54064480-82C3-440F-8AB6-1D9E619E4393}.Debug|Any CPU.ActiveCfg = Debug|Any CPU
		{54064480-82C3-440F-8AB6-1D9E619E4393}.Debug|Any CPU.Build.0 = Debug|Any CPU
		{54064480-82C3-440F-8AB6-1D9E619E4393}.Release|Any CPU.ActiveCfg = Release|Any CPU
		{54064480-82C3-440F-8AB6-1D9E619E4393}.Release|Any CPU.Build.0 = Release|Any CPU
	EndGlobalSection
	GlobalSection(SolutionProperties) = preSolution
		HideSolutionNode = FALSE
	EndGlobalSection
	GlobalSection(ExtensibilityGlobals) = postSolution
		SolutionGuid = {6771A958-B209-4585-A099-280DAEF82DA0}
	EndGlobalSection
EndGlobal
